// !$*UTF8*$!
{
	archiveVersion = 1;
	classes = {
	};
	objectVersion = 46;
	objects = {

/* Begin PBXBuildFile section */
		02F0F29F305ECAA2517E7823 /* Pods_TrophyKit_Example_tvOS.framework in Frameworks */ = {isa = PBXBuildFile; fileRef = DE1D3C672C1DE960AEB58D51 /* Pods_TrophyKit_Example_tvOS.framework */; };
		48D0A6E9483A88CBFFD3A81A /* Pods_TrophyKit_Tests.framework in Frameworks */ = {isa = PBXBuildFile; fileRef = 604C819451FD5F832C76EFD2 /* Pods_TrophyKit_Tests.framework */; };
		607FACEC1AFB9204008FA782 /* Tests.swift in Sources */ = {isa = PBXBuildFile; fileRef = 607FACEB1AFB9204008FA782 /* Tests.swift */; };
		7C47977855F2DACB896D3745 /* Pods_TrophyKit_Example_iOS.framework in Frameworks */ = {isa = PBXBuildFile; fileRef = 28FDFDA13343000E1BD4E425 /* Pods_TrophyKit_Example_iOS.framework */; };
		CB42A9C4268EEAA5007FBF1D /* ViewController.swift in Sources */ = {isa = PBXBuildFile; fileRef = CB42A9BC268EEAA5007FBF1D /* ViewController.swift */; };
		CB42A9C5268EEAA5007FBF1D /* LaunchScreen.xib in Resources */ = {isa = PBXBuildFile; fileRef = CB42A9BD268EEAA5007FBF1D /* LaunchScreen.xib */; };
		CB42A9C6268EEAA5007FBF1D /* Main.storyboard in Resources */ = {isa = PBXBuildFile; fileRef = CB42A9BF268EEAA5007FBF1D /* Main.storyboard */; };
		CB42A9C7268EEAA5007FBF1D /* Images.xcassets in Resources */ = {isa = PBXBuildFile; fileRef = CB42A9C1268EEAA5007FBF1D /* Images.xcassets */; };
		CB42A9C8268EEAA5007FBF1D /* AppDelegate.swift in Sources */ = {isa = PBXBuildFile; fileRef = CB42A9C2268EEAA5007FBF1D /* AppDelegate.swift */; };
		CB42A9D3268EEAB6007FBF1D /* ViewController.swift in Sources */ = {isa = PBXBuildFile; fileRef = CB42A9CB268EEAB6007FBF1D /* ViewController.swift */; };
		CB42A9D4268EEAB6007FBF1D /* Assets.xcassets in Resources */ = {isa = PBXBuildFile; fileRef = CB42A9CC268EEAB6007FBF1D /* Assets.xcassets */; };
		CB42A9D5268EEAB6007FBF1D /* LaunchScreen.storyboard in Resources */ = {isa = PBXBuildFile; fileRef = CB42A9CD268EEAB6007FBF1D /* LaunchScreen.storyboard */; };
		CB42A9D6268EEAB6007FBF1D /* Main.storyboard in Resources */ = {isa = PBXBuildFile; fileRef = CB42A9CF268EEAB6007FBF1D /* Main.storyboard */; };
		CB42A9D7268EEAB6007FBF1D /* AppDelegate.swift in Sources */ = {isa = PBXBuildFile; fileRef = CB42A9D1268EEAB6007FBF1D /* AppDelegate.swift */; };
/* End PBXBuildFile section */

/* Begin PBXContainerItemProxy section */
		607FACE61AFB9204008FA782 /* PBXContainerItemProxy */ = {
			isa = PBXContainerItemProxy;
			containerPortal = 607FACC81AFB9204008FA782 /* Project object */;
			proxyType = 1;
			remoteGlobalIDString = 607FACCF1AFB9204008FA782;
			remoteInfo = TrophyKit;
		};
/* End PBXContainerItemProxy section */

/* Begin PBXFileReference section */
		001F0AE83D506C26969923C1 /* Pods-TrophyKit_Example_iOS.release.xcconfig */ = {isa = PBXFileReference; includeInIndex = 1; lastKnownFileType = text.xcconfig; name = "Pods-TrophyKit_Example_iOS.release.xcconfig"; path = "Target Support Files/Pods-TrophyKit_Example_iOS/Pods-TrophyKit_Example_iOS.release.xcconfig"; sourceTree = "<group>"; };
		16313AA4B6F3EDE72048BB41 /* Pods-TrophyKit_Tests.debug.xcconfig */ = {isa = PBXFileReference; includeInIndex = 1; lastKnownFileType = text.xcconfig; name = "Pods-TrophyKit_Tests.debug.xcconfig"; path = "Target Support Files/Pods-TrophyKit_Tests/Pods-TrophyKit_Tests.debug.xcconfig"; sourceTree = "<group>"; };
		1CC96EFCA18059A21A5C1AF0 /* Pods-TrophyKit_Tests.release.xcconfig */ = {isa = PBXFileReference; includeInIndex = 1; lastKnownFileType = text.xcconfig; name = "Pods-TrophyKit_Tests.release.xcconfig"; path = "Target Support Files/Pods-TrophyKit_Tests/Pods-TrophyKit_Tests.release.xcconfig"; sourceTree = "<group>"; };
		25A76BD65F8CEA3B75EB9E46 /* TrophyKit.podspec */ = {isa = PBXFileReference; includeInIndex = 1; lastKnownFileType = text; name = TrophyKit.podspec; path = ../TrophyKit.podspec; sourceTree = "<group>"; xcLanguageSpecificationIdentifier = xcode.lang.ruby; };
		28FDFDA13343000E1BD4E425 /* Pods_TrophyKit_Example_iOS.framework */ = {isa = PBXFileReference; explicitFileType = wrapper.framework; includeInIndex = 0; path = Pods_TrophyKit_Example_iOS.framework; sourceTree = BUILT_PRODUCTS_DIR; };
		30C52C32D835CC658AAD5EEF /* Pods-TrophyKit_Example_tvOS.release.xcconfig */ = {isa = PBXFileReference; includeInIndex = 1; lastKnownFileType = text.xcconfig; name = "Pods-TrophyKit_Example_tvOS.release.xcconfig"; path = "Target Support Files/Pods-TrophyKit_Example_tvOS/Pods-TrophyKit_Example_tvOS.release.xcconfig"; sourceTree = "<group>"; };
		3D4E7CC75F9CFD1E9E6675C3 /* Pods-TrophyKit_Example_tvOS.debug.xcconfig */ = {isa = PBXFileReference; includeInIndex = 1; lastKnownFileType = text.xcconfig; name = "Pods-TrophyKit_Example_tvOS.debug.xcconfig"; path = "Target Support Files/Pods-TrophyKit_Example_tvOS/Pods-TrophyKit_Example_tvOS.debug.xcconfig"; sourceTree = "<group>"; };
		604C819451FD5F832C76EFD2 /* Pods_TrophyKit_Tests.framework */ = {isa = PBXFileReference; explicitFileType = wrapper.framework; includeInIndex = 0; path = Pods_TrophyKit_Tests.framework; sourceTree = BUILT_PRODUCTS_DIR; };
		607FACD01AFB9204008FA782 /* TrophyKit_Example_iOS.app */ = {isa = PBXFileReference; explicitFileType = wrapper.application; includeInIndex = 0; path = TrophyKit_Example_iOS.app; sourceTree = BUILT_PRODUCTS_DIR; };
		607FACE51AFB9204008FA782 /* TrophyKit_Tests.xctest */ = {isa = PBXFileReference; explicitFileType = wrapper.cfbundle; includeInIndex = 0; path = TrophyKit_Tests.xctest; sourceTree = BUILT_PRODUCTS_DIR; };
		607FACEA1AFB9204008FA782 /* Info.plist */ = {isa = PBXFileReference; lastKnownFileType = text.plist.xml; path = Info.plist; sourceTree = "<group>"; };
		607FACEB1AFB9204008FA782 /* Tests.swift */ = {isa = PBXFileReference; lastKnownFileType = sourcecode.swift; path = Tests.swift; sourceTree = "<group>"; };
		7E8FE0D4A31B7E303D3E599F /* LICENSE */ = {isa = PBXFileReference; includeInIndex = 1; lastKnownFileType = text; name = LICENSE; path = ../LICENSE; sourceTree = "<group>"; };
		8FFDD6EB1181ED3B0A753C60 /* Pods-TrophyKit_Example.debug.xcconfig */ = {isa = PBXFileReference; includeInIndex = 1; lastKnownFileType = text.xcconfig; name = "Pods-TrophyKit_Example.debug.xcconfig"; path = "Target Support Files/Pods-TrophyKit_Example/Pods-TrophyKit_Example.debug.xcconfig"; sourceTree = "<group>"; };
		A02B4A3A6275EEE73BEA75F0 /* Pods-TrophyKit_Example.release.xcconfig */ = {isa = PBXFileReference; includeInIndex = 1; lastKnownFileType = text.xcconfig; name = "Pods-TrophyKit_Example.release.xcconfig"; path = "Target Support Files/Pods-TrophyKit_Example/Pods-TrophyKit_Example.release.xcconfig"; sourceTree = "<group>"; };
		CB42A9A8268EE591007FBF1D /* TrophyKit_Example_tvOS.app */ = {isa = PBXFileReference; explicitFileType = wrapper.application; includeInIndex = 0; path = TrophyKit_Example_tvOS.app; sourceTree = BUILT_PRODUCTS_DIR; };
		CB42A9BC268EEAA5007FBF1D /* ViewController.swift */ = {isa = PBXFileReference; fileEncoding = 4; lastKnownFileType = sourcecode.swift; path = ViewController.swift; sourceTree = "<group>"; };
		CB42A9BE268EEAA5007FBF1D /* Base */ = {isa = PBXFileReference; lastKnownFileType = file.xib; name = Base; path = Base.lproj/LaunchScreen.xib; sourceTree = "<group>"; };
		CB42A9C0268EEAA5007FBF1D /* Base */ = {isa = PBXFileReference; lastKnownFileType = file.storyboard; name = Base; path = Base.lproj/Main.storyboard; sourceTree = "<group>"; };
		CB42A9C1268EEAA5007FBF1D /* Images.xcassets */ = {isa = PBXFileReference; lastKnownFileType = folder.assetcatalog; path = Images.xcassets; sourceTree = "<group>"; };
		CB42A9C2268EEAA5007FBF1D /* AppDelegate.swift */ = {isa = PBXFileReference; fileEncoding = 4; lastKnownFileType = sourcecode.swift; path = AppDelegate.swift; sourceTree = "<group>"; };
		CB42A9C3268EEAA5007FBF1D /* Info.plist */ = {isa = PBXFileReference; fileEncoding = 4; lastKnownFileType = text.plist.xml; path = Info.plist; sourceTree = "<group>"; };
		CB42A9CB268EEAB6007FBF1D /* ViewController.swift */ = {isa = PBXFileReference; fileEncoding = 4; lastKnownFileType = sourcecode.swift; path = ViewController.swift; sourceTree = "<group>"; };
		CB42A9CC268EEAB6007FBF1D /* Assets.xcassets */ = {isa = PBXFileReference; lastKnownFileType = folder.assetcatalog; path = Assets.xcassets; sourceTree = "<group>"; };
		CB42A9CE268EEAB6007FBF1D /* Base */ = {isa = PBXFileReference; lastKnownFileType = file.storyboard; name = Base; path = Base.lproj/LaunchScreen.storyboard; sourceTree = "<group>"; };
		CB42A9D0268EEAB6007FBF1D /* Base */ = {isa = PBXFileReference; lastKnownFileType = file.storyboard; name = Base; path = Base.lproj/Main.storyboard; sourceTree = "<group>"; };
		CB42A9D1268EEAB6007FBF1D /* AppDelegate.swift */ = {isa = PBXFileReference; fileEncoding = 4; lastKnownFileType = sourcecode.swift; path = AppDelegate.swift; sourceTree = "<group>"; };
		CB42A9D2268EEAB6007FBF1D /* Info.plist */ = {isa = PBXFileReference; fileEncoding = 4; lastKnownFileType = text.plist.xml; path = Info.plist; sourceTree = "<group>"; };
		D7F7FE40977038F2857587BA /* Pods-TrophyKit_Example_iOS.debug.xcconfig */ = {isa = PBXFileReference; includeInIndex = 1; lastKnownFileType = text.xcconfig; name = "Pods-TrophyKit_Example_iOS.debug.xcconfig"; path = "Target Support Files/Pods-TrophyKit_Example_iOS/Pods-TrophyKit_Example_iOS.debug.xcconfig"; sourceTree = "<group>"; };
		DE1D3C672C1DE960AEB58D51 /* Pods_TrophyKit_Example_tvOS.framework */ = {isa = PBXFileReference; explicitFileType = wrapper.framework; includeInIndex = 0; path = Pods_TrophyKit_Example_tvOS.framework; sourceTree = BUILT_PRODUCTS_DIR; };
		EB6E4C040E890C6FA000A4FD /* README.md */ = {isa = PBXFileReference; includeInIndex = 1; lastKnownFileType = net.daringfireball.markdown; name = README.md; path = ../README.md; sourceTree = "<group>"; };
/* End PBXFileReference section */

/* Begin PBXFrameworksBuildPhase section */
		607FACCD1AFB9204008FA782 /* Frameworks */ = {
			isa = PBXFrameworksBuildPhase;
			buildActionMask = 2147483647;
			files = (
				7C47977855F2DACB896D3745 /* Pods_TrophyKit_Example_iOS.framework in Frameworks */,
			);
			runOnlyForDeploymentPostprocessing = 0;
		};
		607FACE21AFB9204008FA782 /* Frameworks */ = {
			isa = PBXFrameworksBuildPhase;
			buildActionMask = 2147483647;
			files = (
				48D0A6E9483A88CBFFD3A81A /* Pods_TrophyKit_Tests.framework in Frameworks */,
			);
			runOnlyForDeploymentPostprocessing = 0;
		};
		CB42A9A5268EE591007FBF1D /* Frameworks */ = {
			isa = PBXFrameworksBuildPhase;
			buildActionMask = 2147483647;
			files = (
				02F0F29F305ECAA2517E7823 /* Pods_TrophyKit_Example_tvOS.framework in Frameworks */,
			);
			runOnlyForDeploymentPostprocessing = 0;
		};
/* End PBXFrameworksBuildPhase section */

/* Begin PBXGroup section */
		607FACC71AFB9204008FA782 = {
			isa = PBXGroup;
			children = (
				CB42A9BB268EEAA5007FBF1D /* TrophyKit_Example_iOS */,
				CB42A9CA268EEAB6007FBF1D /* TrophyKit_Example_tvOS */,
				607FACF51AFB993E008FA782 /* Podspec Metadata */,
				607FACE81AFB9204008FA782 /* Tests */,
				607FACD11AFB9204008FA782 /* Products */,
				D4D41C6C921DCEE6BBB864FB /* Pods */,
				BBD9B76864D7E999A7FB3CFD /* Frameworks */,
			);
			sourceTree = "<group>";
		};
		607FACD11AFB9204008FA782 /* Products */ = {
			isa = PBXGroup;
			children = (
				607FACD01AFB9204008FA782 /* TrophyKit_Example_iOS.app */,
				607FACE51AFB9204008FA782 /* TrophyKit_Tests.xctest */,
				CB42A9A8268EE591007FBF1D /* TrophyKit_Example_tvOS.app */,
			);
			name = Products;
			sourceTree = "<group>";
		};
		607FACE81AFB9204008FA782 /* Tests */ = {
			isa = PBXGroup;
			children = (
				607FACEB1AFB9204008FA782 /* Tests.swift */,
				607FACE91AFB9204008FA782 /* Supporting Files */,
			);
			path = Tests;
			sourceTree = "<group>";
		};
		607FACE91AFB9204008FA782 /* Supporting Files */ = {
			isa = PBXGroup;
			children = (
				607FACEA1AFB9204008FA782 /* Info.plist */,
			);
			name = "Supporting Files";
			sourceTree = "<group>";
		};
		607FACF51AFB993E008FA782 /* Podspec Metadata */ = {
			isa = PBXGroup;
			children = (
				25A76BD65F8CEA3B75EB9E46 /* TrophyKit.podspec */,
				EB6E4C040E890C6FA000A4FD /* README.md */,
				7E8FE0D4A31B7E303D3E599F /* LICENSE */,
			);
			name = "Podspec Metadata";
			sourceTree = "<group>";
		};
		BBD9B76864D7E999A7FB3CFD /* Frameworks */ = {
			isa = PBXGroup;
			children = (
				604C819451FD5F832C76EFD2 /* Pods_TrophyKit_Tests.framework */,
				28FDFDA13343000E1BD4E425 /* Pods_TrophyKit_Example_iOS.framework */,
				DE1D3C672C1DE960AEB58D51 /* Pods_TrophyKit_Example_tvOS.framework */,
			);
			name = Frameworks;
			sourceTree = "<group>";
		};
		CB42A9BB268EEAA5007FBF1D /* TrophyKit_Example_iOS */ = {
			isa = PBXGroup;
			children = (
				CB42A9C2268EEAA5007FBF1D /* AppDelegate.swift */,
				CB42A9BC268EEAA5007FBF1D /* ViewController.swift */,
				CB42A9BD268EEAA5007FBF1D /* LaunchScreen.xib */,
				CB42A9BF268EEAA5007FBF1D /* Main.storyboard */,
				CB42A9C1268EEAA5007FBF1D /* Images.xcassets */,
				CB42A9C3268EEAA5007FBF1D /* Info.plist */,
			);
			path = TrophyKit_Example_iOS;
			sourceTree = "<group>";
		};
		CB42A9CA268EEAB6007FBF1D /* TrophyKit_Example_tvOS */ = {
			isa = PBXGroup;
			children = (
				CB42A9D1268EEAB6007FBF1D /* AppDelegate.swift */,
				CB42A9CB268EEAB6007FBF1D /* ViewController.swift */,
				CB42A9CC268EEAB6007FBF1D /* Assets.xcassets */,
				CB42A9CD268EEAB6007FBF1D /* LaunchScreen.storyboard */,
				CB42A9CF268EEAB6007FBF1D /* Main.storyboard */,
				CB42A9D2268EEAB6007FBF1D /* Info.plist */,
			);
			path = TrophyKit_Example_tvOS;
			sourceTree = "<group>";
		};
		D4D41C6C921DCEE6BBB864FB /* Pods */ = {
			isa = PBXGroup;
			children = (
				8FFDD6EB1181ED3B0A753C60 /* Pods-TrophyKit_Example.debug.xcconfig */,
				A02B4A3A6275EEE73BEA75F0 /* Pods-TrophyKit_Example.release.xcconfig */,
				16313AA4B6F3EDE72048BB41 /* Pods-TrophyKit_Tests.debug.xcconfig */,
				1CC96EFCA18059A21A5C1AF0 /* Pods-TrophyKit_Tests.release.xcconfig */,
				D7F7FE40977038F2857587BA /* Pods-TrophyKit_Example_iOS.debug.xcconfig */,
				001F0AE83D506C26969923C1 /* Pods-TrophyKit_Example_iOS.release.xcconfig */,
				3D4E7CC75F9CFD1E9E6675C3 /* Pods-TrophyKit_Example_tvOS.debug.xcconfig */,
				30C52C32D835CC658AAD5EEF /* Pods-TrophyKit_Example_tvOS.release.xcconfig */,
			);
			path = Pods;
			sourceTree = "<group>";
		};
/* End PBXGroup section */

/* Begin PBXNativeTarget section */
		607FACCF1AFB9204008FA782 /* TrophyKit_Example_iOS */ = {
			isa = PBXNativeTarget;
			buildConfigurationList = 607FACEF1AFB9204008FA782 /* Build configuration list for PBXNativeTarget "TrophyKit_Example_iOS" */;
			buildPhases = (
				A611D85E199035F3B3EC6A50 /* [CP] Check Pods Manifest.lock */,
				607FACCC1AFB9204008FA782 /* Sources */,
				607FACCD1AFB9204008FA782 /* Frameworks */,
				607FACCE1AFB9204008FA782 /* Resources */,
				5FE400B0BE7DE8DCFE015B9C /* [CP] Embed Pods Frameworks */,
			);
			buildRules = (
			);
			dependencies = (
			);
			name = TrophyKit_Example_iOS;
			productName = TrophyKit;
			productReference = 607FACD01AFB9204008FA782 /* TrophyKit_Example_iOS.app */;
			productType = "com.apple.product-type.application";
		};
		607FACE41AFB9204008FA782 /* TrophyKit_Tests */ = {
			isa = PBXNativeTarget;
			buildConfigurationList = 607FACF21AFB9204008FA782 /* Build configuration list for PBXNativeTarget "TrophyKit_Tests" */;
			buildPhases = (
				B981AE1AA6D0A150FD9F9B56 /* [CP] Check Pods Manifest.lock */,
				607FACE11AFB9204008FA782 /* Sources */,
				607FACE21AFB9204008FA782 /* Frameworks */,
				607FACE31AFB9204008FA782 /* Resources */,
			);
			buildRules = (
			);
			dependencies = (
				607FACE71AFB9204008FA782 /* PBXTargetDependency */,
			);
			name = TrophyKit_Tests;
			productName = Tests;
			productReference = 607FACE51AFB9204008FA782 /* TrophyKit_Tests.xctest */;
			productType = "com.apple.product-type.bundle.unit-test";
		};
		CB42A9A7268EE591007FBF1D /* TrophyKit_Example_tvOS */ = {
			isa = PBXNativeTarget;
			buildConfigurationList = CB42A9B8268EE592007FBF1D /* Build configuration list for PBXNativeTarget "TrophyKit_Example_tvOS" */;
			buildPhases = (
				90F79EB66DA46839EBB8A6E4 /* [CP] Check Pods Manifest.lock */,
				CB42A9A4268EE591007FBF1D /* Sources */,
				CB42A9A5268EE591007FBF1D /* Frameworks */,
				CB42A9A6268EE591007FBF1D /* Resources */,
				1ED8415BCAA1D4C660FF63EA /* [CP] Embed Pods Frameworks */,
			);
			buildRules = (
			);
			dependencies = (
			);
			name = TrophyKit_Example_tvOS;
			productName = "TrophyKit Example tvOS";
			productReference = CB42A9A8268EE591007FBF1D /* TrophyKit_Example_tvOS.app */;
			productType = "com.apple.product-type.application";
		};
/* End PBXNativeTarget section */

/* Begin PBXProject section */
		607FACC81AFB9204008FA782 /* Project object */ = {
			isa = PBXProject;
			attributes = {
				LastSwiftUpdateCheck = 1300;
				LastUpgradeCheck = 0830;
				ORGANIZATIONNAME = CocoaPods;
				TargetAttributes = {
					607FACCF1AFB9204008FA782 = {
						CreatedOnToolsVersion = 6.3.1;
						LastSwiftMigration = 0900;
					};
					607FACE41AFB9204008FA782 = {
						CreatedOnToolsVersion = 6.3.1;
						LastSwiftMigration = 0900;
						TestTargetID = 607FACCF1AFB9204008FA782;
					};
					CB42A9A7268EE591007FBF1D = {
						CreatedOnToolsVersion = 13.0;
						ProvisioningStyle = Automatic;
					};
				};
			};
			buildConfigurationList = 607FACCB1AFB9204008FA782 /* Build configuration list for PBXProject "TrophyKit" */;
			compatibilityVersion = "Xcode 3.2";
			developmentRegion = English;
			hasScannedForEncodings = 0;
			knownRegions = (
				English,
				en,
				Base,
			);
			mainGroup = 607FACC71AFB9204008FA782;
			productRefGroup = 607FACD11AFB9204008FA782 /* Products */;
			projectDirPath = "";
			projectRoot = "";
			targets = (
				607FACCF1AFB9204008FA782 /* TrophyKit_Example_iOS */,
				CB42A9A7268EE591007FBF1D /* TrophyKit_Example_tvOS */,
				607FACE41AFB9204008FA782 /* TrophyKit_Tests */,
			);
		};
/* End PBXProject section */

/* Begin PBXResourcesBuildPhase section */
		607FACCE1AFB9204008FA782 /* Resources */ = {
			isa = PBXResourcesBuildPhase;
			buildActionMask = 2147483647;
			files = (
				CB42A9C5268EEAA5007FBF1D /* LaunchScreen.xib in Resources */,
				CB42A9C6268EEAA5007FBF1D /* Main.storyboard in Resources */,
				CB42A9C7268EEAA5007FBF1D /* Images.xcassets in Resources */,
			);
			runOnlyForDeploymentPostprocessing = 0;
		};
		607FACE31AFB9204008FA782 /* Resources */ = {
			isa = PBXResourcesBuildPhase;
			buildActionMask = 2147483647;
			files = (
			);
			runOnlyForDeploymentPostprocessing = 0;
		};
		CB42A9A6268EE591007FBF1D /* Resources */ = {
			isa = PBXResourcesBuildPhase;
			buildActionMask = 2147483647;
			files = (
				CB42A9D6268EEAB6007FBF1D /* Main.storyboard in Resources */,
				CB42A9D4268EEAB6007FBF1D /* Assets.xcassets in Resources */,
				CB42A9D5268EEAB6007FBF1D /* LaunchScreen.storyboard in Resources */,
			);
			runOnlyForDeploymentPostprocessing = 0;
		};
/* End PBXResourcesBuildPhase section */

/* Begin PBXShellScriptBuildPhase section */
		1ED8415BCAA1D4C660FF63EA /* [CP] Embed Pods Frameworks */ = {
			isa = PBXShellScriptBuildPhase;
			buildActionMask = 2147483647;
			files = (
			);
			inputPaths = (
				"${PODS_ROOT}/Target Support Files/Pods-TrophyKit_Example_tvOS/Pods-TrophyKit_Example_tvOS-frameworks.sh",
				"${BUILT_PRODUCTS_DIR}/TrophyKit-tvOS/TrophyKit.framework",
			);
			name = "[CP] Embed Pods Frameworks";
			outputPaths = (
				"${TARGET_BUILD_DIR}/${FRAMEWORKS_FOLDER_PATH}/TrophyKit.framework",
			);
			runOnlyForDeploymentPostprocessing = 0;
			shellPath = /bin/sh;
			shellScript = "\"${PODS_ROOT}/Target Support Files/Pods-TrophyKit_Example_tvOS/Pods-TrophyKit_Example_tvOS-frameworks.sh\"\n";
			showEnvVarsInLog = 0;
		};
		5FE400B0BE7DE8DCFE015B9C /* [CP] Embed Pods Frameworks */ = {
			isa = PBXShellScriptBuildPhase;
			buildActionMask = 2147483647;
			files = (
			);
			inputPaths = (
				"${PODS_ROOT}/Target Support Files/Pods-TrophyKit_Example_iOS/Pods-TrophyKit_Example_iOS-frameworks.sh",
				"${BUILT_PRODUCTS_DIR}/TrophyKit-iOS/TrophyKit.framework",
			);
			name = "[CP] Embed Pods Frameworks";
			outputPaths = (
				"${TARGET_BUILD_DIR}/${FRAMEWORKS_FOLDER_PATH}/TrophyKit.framework",
			);
			runOnlyForDeploymentPostprocessing = 0;
			shellPath = /bin/sh;
			shellScript = "\"${PODS_ROOT}/Target Support Files/Pods-TrophyKit_Example_iOS/Pods-TrophyKit_Example_iOS-frameworks.sh\"\n";
			showEnvVarsInLog = 0;
		};
		90F79EB66DA46839EBB8A6E4 /* [CP] Check Pods Manifest.lock */ = {
			isa = PBXShellScriptBuildPhase;
			buildActionMask = 2147483647;
			files = (
			);
			inputFileListPaths = (
			);
			inputPaths = (
				"${PODS_PODFILE_DIR_PATH}/Podfile.lock",
				"${PODS_ROOT}/Manifest.lock",
			);
			name = "[CP] Check Pods Manifest.lock";
			outputFileListPaths = (
			);
			outputPaths = (
				"$(DERIVED_FILE_DIR)/Pods-TrophyKit_Example_tvOS-checkManifestLockResult.txt",
			);
			runOnlyForDeploymentPostprocessing = 0;
			shellPath = /bin/sh;
			shellScript = "diff \"${PODS_PODFILE_DIR_PATH}/Podfile.lock\" \"${PODS_ROOT}/Manifest.lock\" > /dev/null\nif [ $? != 0 ] ; then\n    # print error to STDERR\n    echo \"error: The sandbox is not in sync with the Podfile.lock. Run 'pod install' or update your CocoaPods installation.\" >&2\n    exit 1\nfi\n# This output is used by Xcode 'outputs' to avoid re-running this script phase.\necho \"SUCCESS\" > \"${SCRIPT_OUTPUT_FILE_0}\"\n";
			showEnvVarsInLog = 0;
		};
		A611D85E199035F3B3EC6A50 /* [CP] Check Pods Manifest.lock */ = {
			isa = PBXShellScriptBuildPhase;
			buildActionMask = 2147483647;
			files = (
			);
			inputFileListPaths = (
			);
			inputPaths = (
				"${PODS_PODFILE_DIR_PATH}/Podfile.lock",
				"${PODS_ROOT}/Manifest.lock",
			);
			name = "[CP] Check Pods Manifest.lock";
			outputFileListPaths = (
			);
			outputPaths = (
				"$(DERIVED_FILE_DIR)/Pods-TrophyKit_Example_iOS-checkManifestLockResult.txt",
			);
			runOnlyForDeploymentPostprocessing = 0;
			shellPath = /bin/sh;
			shellScript = "diff \"${PODS_PODFILE_DIR_PATH}/Podfile.lock\" \"${PODS_ROOT}/Manifest.lock\" > /dev/null\nif [ $? != 0 ] ; then\n    # print error to STDERR\n    echo \"error: The sandbox is not in sync with the Podfile.lock. Run 'pod install' or update your CocoaPods installation.\" >&2\n    exit 1\nfi\n# This output is used by Xcode 'outputs' to avoid re-running this script phase.\necho \"SUCCESS\" > \"${SCRIPT_OUTPUT_FILE_0}\"\n";
			showEnvVarsInLog = 0;
		};
		B981AE1AA6D0A150FD9F9B56 /* [CP] Check Pods Manifest.lock */ = {
			isa = PBXShellScriptBuildPhase;
			buildActionMask = 2147483647;
			files = (
			);
			inputFileListPaths = (
			);
			inputPaths = (
				"${PODS_PODFILE_DIR_PATH}/Podfile.lock",
				"${PODS_ROOT}/Manifest.lock",
			);
			name = "[CP] Check Pods Manifest.lock";
			outputFileListPaths = (
			);
			outputPaths = (
				"$(DERIVED_FILE_DIR)/Pods-TrophyKit_Tests-checkManifestLockResult.txt",
			);
			runOnlyForDeploymentPostprocessing = 0;
			shellPath = /bin/sh;
			shellScript = "diff \"${PODS_PODFILE_DIR_PATH}/Podfile.lock\" \"${PODS_ROOT}/Manifest.lock\" > /dev/null\nif [ $? != 0 ] ; then\n    # print error to STDERR\n    echo \"error: The sandbox is not in sync with the Podfile.lock. Run 'pod install' or update your CocoaPods installation.\" >&2\n    exit 1\nfi\n# This output is used by Xcode 'outputs' to avoid re-running this script phase.\necho \"SUCCESS\" > \"${SCRIPT_OUTPUT_FILE_0}\"\n";
			showEnvVarsInLog = 0;
		};
/* End PBXShellScriptBuildPhase section */

/* Begin PBXSourcesBuildPhase section */
		607FACCC1AFB9204008FA782 /* Sources */ = {
			isa = PBXSourcesBuildPhase;
			buildActionMask = 2147483647;
			files = (
				CB42A9C8268EEAA5007FBF1D /* AppDelegate.swift in Sources */,
				CB42A9C4268EEAA5007FBF1D /* ViewController.swift in Sources */,
			);
			runOnlyForDeploymentPostprocessing = 0;
		};
		607FACE11AFB9204008FA782 /* Sources */ = {
			isa = PBXSourcesBuildPhase;
			buildActionMask = 2147483647;
			files = (
				607FACEC1AFB9204008FA782 /* Tests.swift in Sources */,
			);
			runOnlyForDeploymentPostprocessing = 0;
		};
		CB42A9A4268EE591007FBF1D /* Sources */ = {
			isa = PBXSourcesBuildPhase;
			buildActionMask = 2147483647;
			files = (
				CB42A9D7268EEAB6007FBF1D /* AppDelegate.swift in Sources */,
				CB42A9D3268EEAB6007FBF1D /* ViewController.swift in Sources */,
			);
			runOnlyForDeploymentPostprocessing = 0;
		};
/* End PBXSourcesBuildPhase section */

/* Begin PBXTargetDependency section */
		607FACE71AFB9204008FA782 /* PBXTargetDependency */ = {
			isa = PBXTargetDependency;
			target = 607FACCF1AFB9204008FA782 /* TrophyKit_Example_iOS */;
			targetProxy = 607FACE61AFB9204008FA782 /* PBXContainerItemProxy */;
		};
/* End PBXTargetDependency section */

/* Begin PBXVariantGroup section */
		CB42A9BD268EEAA5007FBF1D /* LaunchScreen.xib */ = {
			isa = PBXVariantGroup;
			children = (
				CB42A9BE268EEAA5007FBF1D /* Base */,
			);
			name = LaunchScreen.xib;
			sourceTree = "<group>";
		};
		CB42A9BF268EEAA5007FBF1D /* Main.storyboard */ = {
			isa = PBXVariantGroup;
			children = (
				CB42A9C0268EEAA5007FBF1D /* Base */,
			);
			name = Main.storyboard;
			sourceTree = "<group>";
		};
		CB42A9CD268EEAB6007FBF1D /* LaunchScreen.storyboard */ = {
			isa = PBXVariantGroup;
			children = (
				CB42A9CE268EEAB6007FBF1D /* Base */,
			);
			name = LaunchScreen.storyboard;
			sourceTree = "<group>";
		};
		CB42A9CF268EEAB6007FBF1D /* Main.storyboard */ = {
			isa = PBXVariantGroup;
			children = (
				CB42A9D0268EEAB6007FBF1D /* Base */,
			);
			name = Main.storyboard;
			sourceTree = "<group>";
		};
/* End PBXVariantGroup section */

/* Begin XCBuildConfiguration section */
		607FACED1AFB9204008FA782 /* Debug */ = {
			isa = XCBuildConfiguration;
			buildSettings = {
				ALWAYS_SEARCH_USER_PATHS = NO;
				CLANG_CXX_LANGUAGE_STANDARD = "gnu++0x";
				CLANG_CXX_LIBRARY = "libc++";
				CLANG_ENABLE_MODULES = YES;
				CLANG_ENABLE_OBJC_ARC = YES;
				CLANG_WARN_BLOCK_CAPTURE_AUTORELEASING = YES;
				CLANG_WARN_BOOL_CONVERSION = YES;
				CLANG_WARN_COMMA = YES;
				CLANG_WARN_CONSTANT_CONVERSION = YES;
				CLANG_WARN_DIRECT_OBJC_ISA_USAGE = YES_ERROR;
				CLANG_WARN_EMPTY_BODY = YES;
				CLANG_WARN_ENUM_CONVERSION = YES;
				CLANG_WARN_INFINITE_RECURSION = YES;
				CLANG_WARN_INT_CONVERSION = YES;
				CLANG_WARN_NON_LITERAL_NULL_CONVERSION = YES;
				CLANG_WARN_OBJC_LITERAL_CONVERSION = YES;
				CLANG_WARN_OBJC_ROOT_CLASS = YES_ERROR;
				CLANG_WARN_RANGE_LOOP_ANALYSIS = YES;
				CLANG_WARN_STRICT_PROTOTYPES = YES;
				CLANG_WARN_SUSPICIOUS_MOVE = YES;
				CLANG_WARN_UNREACHABLE_CODE = YES;
				CLANG_WARN__DUPLICATE_METHOD_MATCH = YES;
				"CODE_SIGN_IDENTITY[sdk=iphoneos*]" = "iPhone Developer";
				COPY_PHASE_STRIP = NO;
				DEBUG_INFORMATION_FORMAT = "dwarf-with-dsym";
				ENABLE_STRICT_OBJC_MSGSEND = YES;
				ENABLE_TESTABILITY = YES;
				GCC_C_LANGUAGE_STANDARD = gnu99;
				GCC_DYNAMIC_NO_PIC = NO;
				GCC_NO_COMMON_BLOCKS = YES;
				GCC_OPTIMIZATION_LEVEL = 0;
				GCC_PREPROCESSOR_DEFINITIONS = (
					"DEBUG=1",
					"$(inherited)",
				);
				GCC_SYMBOLS_PRIVATE_EXTERN = NO;
				GCC_WARN_64_TO_32_BIT_CONVERSION = YES;
				GCC_WARN_ABOUT_RETURN_TYPE = YES_ERROR;
				GCC_WARN_UNDECLARED_SELECTOR = YES;
				GCC_WARN_UNINITIALIZED_AUTOS = YES_AGGRESSIVE;
				GCC_WARN_UNUSED_FUNCTION = YES;
				GCC_WARN_UNUSED_VARIABLE = YES;
				IPHONEOS_DEPLOYMENT_TARGET = 14.1;
				MTL_ENABLE_DEBUG_INFO = YES;
				ONLY_ACTIVE_ARCH = YES;
				SDKROOT = iphoneos;
				SWIFT_OPTIMIZATION_LEVEL = "-Onone";
			};
			name = Debug;
		};
		607FACEE1AFB9204008FA782 /* Release */ = {
			isa = XCBuildConfiguration;
			buildSettings = {
				ALWAYS_SEARCH_USER_PATHS = NO;
				CLANG_CXX_LANGUAGE_STANDARD = "gnu++0x";
				CLANG_CXX_LIBRARY = "libc++";
				CLANG_ENABLE_MODULES = YES;
				CLANG_ENABLE_OBJC_ARC = YES;
				CLANG_WARN_BLOCK_CAPTURE_AUTORELEASING = YES;
				CLANG_WARN_BOOL_CONVERSION = YES;
				CLANG_WARN_COMMA = YES;
				CLANG_WARN_CONSTANT_CONVERSION = YES;
				CLANG_WARN_DIRECT_OBJC_ISA_USAGE = YES_ERROR;
				CLANG_WARN_EMPTY_BODY = YES;
				CLANG_WARN_ENUM_CONVERSION = YES;
				CLANG_WARN_INFINITE_RECURSION = YES;
				CLANG_WARN_INT_CONVERSION = YES;
				CLANG_WARN_NON_LITERAL_NULL_CONVERSION = YES;
				CLANG_WARN_OBJC_LITERAL_CONVERSION = YES;
				CLANG_WARN_OBJC_ROOT_CLASS = YES_ERROR;
				CLANG_WARN_RANGE_LOOP_ANALYSIS = YES;
				CLANG_WARN_STRICT_PROTOTYPES = YES;
				CLANG_WARN_SUSPICIOUS_MOVE = YES;
				CLANG_WARN_UNREACHABLE_CODE = YES;
				CLANG_WARN__DUPLICATE_METHOD_MATCH = YES;
				"CODE_SIGN_IDENTITY[sdk=iphoneos*]" = "iPhone Developer";
				COPY_PHASE_STRIP = NO;
				DEBUG_INFORMATION_FORMAT = "dwarf-with-dsym";
				ENABLE_NS_ASSERTIONS = NO;
				ENABLE_STRICT_OBJC_MSGSEND = YES;
				GCC_C_LANGUAGE_STANDARD = gnu99;
				GCC_NO_COMMON_BLOCKS = YES;
				GCC_WARN_64_TO_32_BIT_CONVERSION = YES;
				GCC_WARN_ABOUT_RETURN_TYPE = YES_ERROR;
				GCC_WARN_UNDECLARED_SELECTOR = YES;
				GCC_WARN_UNINITIALIZED_AUTOS = YES_AGGRESSIVE;
				GCC_WARN_UNUSED_FUNCTION = YES;
				GCC_WARN_UNUSED_VARIABLE = YES;
				IPHONEOS_DEPLOYMENT_TARGET = 14.1;
				MTL_ENABLE_DEBUG_INFO = NO;
				SDKROOT = iphoneos;
				SWIFT_OPTIMIZATION_LEVEL = "-Owholemodule";
				VALIDATE_PRODUCT = YES;
			};
			name = Release;
		};
		607FACF01AFB9204008FA782 /* Debug */ = {
			isa = XCBuildConfiguration;
			baseConfigurationReference = D7F7FE40977038F2857587BA /* Pods-TrophyKit_Example_iOS.debug.xcconfig */;
			buildSettings = {
				ASSETCATALOG_COMPILER_APPICON_NAME = AppIcon;
				CODE_SIGN_ENTITLEMENTS = TrophyKit_Example_iOS.entitlements;
				INFOPLIST_FILE = TrophyKit_Example_iOS/Info.plist;
				LD_RUNPATH_SEARCH_PATHS = "$(inherited) @executable_path/Frameworks";
				MODULE_NAME = ExampleApp;
				PRODUCT_BUNDLE_IDENTIFIER = "io.yuboqin.TrophyKit-Example-iOS";
				PRODUCT_NAME = "$(TARGET_NAME)";
				SUPPORTS_MACCATALYST = NO;
				SWIFT_SWIFT3_OBJC_INFERENCE = Default;
				SWIFT_VERSION = 5.0;
				TARGETED_DEVICE_FAMILY = "1,2";
			};
			name = Debug;
		};
		607FACF11AFB9204008FA782 /* Release */ = {
			isa = XCBuildConfiguration;
			baseConfigurationReference = 001F0AE83D506C26969923C1 /* Pods-TrophyKit_Example_iOS.release.xcconfig */;
			buildSettings = {
				ASSETCATALOG_COMPILER_APPICON_NAME = AppIcon;
				CODE_SIGN_ENTITLEMENTS = TrophyKit_Example_iOS.entitlements;
				INFOPLIST_FILE = TrophyKit_Example_iOS/Info.plist;
				LD_RUNPATH_SEARCH_PATHS = "$(inherited) @executable_path/Frameworks";
				MODULE_NAME = ExampleApp;
				PRODUCT_BUNDLE_IDENTIFIER = "io.yuboqin.TrophyKit-Example-iOS";
				PRODUCT_NAME = "$(TARGET_NAME)";
				SUPPORTS_MACCATALYST = NO;
				SWIFT_SWIFT3_OBJC_INFERENCE = Default;
				SWIFT_VERSION = 5.0;
				TARGETED_DEVICE_FAMILY = "1,2";
			};
			name = Release;
		};
		607FACF31AFB9204008FA782 /* Debug */ = {
			isa = XCBuildConfiguration;
			baseConfigurationReference = 16313AA4B6F3EDE72048BB41 /* Pods-TrophyKit_Tests.debug.xcconfig */;
			buildSettings = {
				FRAMEWORK_SEARCH_PATHS = (
					"$(PLATFORM_DIR)/Developer/Library/Frameworks",
					"$(inherited)",
				);
				GCC_PREPROCESSOR_DEFINITIONS = (
					"DEBUG=1",
					"$(inherited)",
				);
				INFOPLIST_FILE = Tests/Info.plist;
				LD_RUNPATH_SEARCH_PATHS = "$(inherited) @executable_path/Frameworks @loader_path/Frameworks";
				PRODUCT_BUNDLE_IDENTIFIER = "org.cocoapods.$(PRODUCT_NAME:rfc1034identifier)";
				PRODUCT_NAME = "$(TARGET_NAME)";
				SWIFT_SWIFT3_OBJC_INFERENCE = Default;
				SWIFT_VERSION = 5.0;
				TEST_HOST = "$(BUILT_PRODUCTS_DIR)/TrophyKit_Example.app/TrophyKit_Example";
			};
			name = Debug;
		};
		607FACF41AFB9204008FA782 /* Release */ = {
			isa = XCBuildConfiguration;
			baseConfigurationReference = 1CC96EFCA18059A21A5C1AF0 /* Pods-TrophyKit_Tests.release.xcconfig */;
			buildSettings = {
				FRAMEWORK_SEARCH_PATHS = (
					"$(PLATFORM_DIR)/Developer/Library/Frameworks",
					"$(inherited)",
				);
				INFOPLIST_FILE = Tests/Info.plist;
				LD_RUNPATH_SEARCH_PATHS = "$(inherited) @executable_path/Frameworks @loader_path/Frameworks";
				PRODUCT_BUNDLE_IDENTIFIER = "org.cocoapods.$(PRODUCT_NAME:rfc1034identifier)";
				PRODUCT_NAME = "$(TARGET_NAME)";
				SWIFT_SWIFT3_OBJC_INFERENCE = Default;
				SWIFT_VERSION = 5.0;
				TEST_HOST = "$(BUILT_PRODUCTS_DIR)/TrophyKit_Example.app/TrophyKit_Example";
			};
			name = Release;
		};
		CB42A9B6268EE592007FBF1D /* Debug */ = {
			isa = XCBuildConfiguration;
			baseConfigurationReference = 3D4E7CC75F9CFD1E9E6675C3 /* Pods-TrophyKit_Example_tvOS.debug.xcconfig */;
			buildSettings = {
				ASSETCATALOG_COMPILER_APPICON_NAME = "App Icon & Top Shelf Image";
				ASSETCATALOG_COMPILER_GLOBAL_ACCENT_COLOR_NAME = AccentColor;
				CLANG_ANALYZER_NONNULL = YES;
				CLANG_ANALYZER_NUMBER_OBJECT_CONVERSION = YES_AGGRESSIVE;
				CLANG_CXX_LANGUAGE_STANDARD = "gnu++14";
				CLANG_ENABLE_OBJC_WEAK = YES;
				CLANG_WARN_DEPRECATED_OBJC_IMPLEMENTATIONS = YES;
				CLANG_WARN_DOCUMENTATION_COMMENTS = YES;
				CLANG_WARN_OBJC_IMPLICIT_RETAIN_SELF = YES;
				CLANG_WARN_QUOTED_INCLUDE_IN_FRAMEWORK_HEADER = YES;
				CLANG_WARN_UNGUARDED_AVAILABILITY = YES_AGGRESSIVE;
				CODE_SIGN_STYLE = Automatic;
				CURRENT_PROJECT_VERSION = 1;
				DEBUG_INFORMATION_FORMAT = dwarf;
				GCC_C_LANGUAGE_STANDARD = gnu11;
				GENERATE_INFOPLIST_FILE = YES;
				INFOPLIST_FILE = TrophyKit_Example_tvOS/Info.plist;
				INFOPLIST_KEY_CFBundleExecutable = TrophyKit_Example_tvOS;
				INFOPLIST_KEY_CFBundleName = TrophyKit_Example_tvOS;
				INFOPLIST_KEY_CFBundleVersion = 1;
				INFOPLIST_KEY_UILaunchStoryboardName = LaunchScreen;
				INFOPLIST_KEY_UIMainStoryboardFile = Main;
				INFOPLIST_KEY_UIUserInterfaceStyle = Automatic;
				LD_RUNPATH_SEARCH_PATHS = "$(inherited) @executable_path/Frameworks";
				MARKETING_VERSION = 1.0;
				MTL_ENABLE_DEBUG_INFO = INCLUDE_SOURCE;
				MTL_FAST_MATH = YES;
				PRODUCT_BUNDLE_IDENTIFIER = "io.yuboqin.TrophyKit-Example-tvOS";
				PRODUCT_NAME = "$(TARGET_NAME)";
				SDKROOT = appletvos;
				SWIFT_ACTIVE_COMPILATION_CONDITIONS = DEBUG;
				SWIFT_EMIT_LOC_STRINGS = YES;
				SWIFT_VERSION = 5.0;
				TARGETED_DEVICE_FAMILY = 3;
				TVOS_DEPLOYMENT_TARGET = 14.1;
			};
			name = Debug;
		};
		CB42A9B7268EE592007FBF1D /* Release */ = {
			isa = XCBuildConfiguration;
			baseConfigurationReference = 30C52C32D835CC658AAD5EEF /* Pods-TrophyKit_Example_tvOS.release.xcconfig */;
			buildSettings = {
				ASSETCATALOG_COMPILER_APPICON_NAME = "App Icon & Top Shelf Image";
				ASSETCATALOG_COMPILER_GLOBAL_ACCENT_COLOR_NAME = AccentColor;
				CLANG_ANALYZER_NONNULL = YES;
				CLANG_ANALYZER_NUMBER_OBJECT_CONVERSION = YES_AGGRESSIVE;
				CLANG_CXX_LANGUAGE_STANDARD = "gnu++14";
				CLANG_ENABLE_OBJC_WEAK = YES;
				CLANG_WARN_DEPRECATED_OBJC_IMPLEMENTATIONS = YES;
				CLANG_WARN_DOCUMENTATION_COMMENTS = YES;
				CLANG_WARN_OBJC_IMPLICIT_RETAIN_SELF = YES;
				CLANG_WARN_QUOTED_INCLUDE_IN_FRAMEWORK_HEADER = YES;
				CLANG_WARN_UNGUARDED_AVAILABILITY = YES_AGGRESSIVE;
				CODE_SIGN_STYLE = Automatic;
				CURRENT_PROJECT_VERSION = 1;
				GCC_C_LANGUAGE_STANDARD = gnu11;
				GENERATE_INFOPLIST_FILE = YES;
				INFOPLIST_FILE = TrophyKit_Example_tvOS/Info.plist;
				INFOPLIST_KEY_CFBundleExecutable = TrophyKit_Example_tvOS;
				INFOPLIST_KEY_CFBundleName = TrophyKit_Example_tvOS;
				INFOPLIST_KEY_CFBundleVersion = 1;
				INFOPLIST_KEY_UILaunchStoryboardName = LaunchScreen;
				INFOPLIST_KEY_UIMainStoryboardFile = Main;
				INFOPLIST_KEY_UIUserInterfaceStyle = Automatic;
				LD_RUNPATH_SEARCH_PATHS = "$(inherited) @executable_path/Frameworks";
				MARKETING_VERSION = 1.0;
				MTL_FAST_MATH = YES;
				PRODUCT_BUNDLE_IDENTIFIER = "io.yuboqin.TrophyKit-Example-tvOS";
				PRODUCT_NAME = "$(TARGET_NAME)";
				SDKROOT = appletvos;
				SWIFT_EMIT_LOC_STRINGS = YES;
				SWIFT_VERSION = 5.0;
				TARGETED_DEVICE_FAMILY = 3;
				TVOS_DEPLOYMENT_TARGET = 14.1;
			};
			name = Release;
		};
/* End XCBuildConfiguration section */

/* Begin XCConfigurationList section */
		607FACCB1AFB9204008FA782 /* Build configuration list for PBXProject "TrophyKit" */ = {
			isa = XCConfigurationList;
			buildConfigurations = (
				607FACED1AFB9204008FA782 /* Debug */,
				607FACEE1AFB9204008FA782 /* Release */,
			);
			defaultConfigurationIsVisible = 0;
			defaultConfigurationName = Release;
		};
		607FACEF1AFB9204008FA782 /* Build configuration list for PBXNativeTarget "TrophyKit_Example_iOS" */ = {
			isa = XCConfigurationList;
			buildConfigurations = (
				607FACF01AFB9204008FA782 /* Debug */,
				607FACF11AFB9204008FA782 /* Release */,
			);
			defaultConfigurationIsVisible = 0;
			defaultConfigurationName = Release;
		};
		607FACF21AFB9204008FA782 /* Build configuration list for PBXNativeTarget "TrophyKit_Tests" */ = {
			isa = XCConfigurationList;
			buildConfigurations = (
				607FACF31AFB9204008FA782 /* Debug */,
				607FACF41AFB9204008FA782 /* Release */,
			);
			defaultConfigurationIsVisible = 0;
			defaultConfigurationName = Release;
		};
		CB42A9B8268EE592007FBF1D /* Build configuration list for PBXNativeTarget "TrophyKit_Example_tvOS" */ = {
			isa = XCConfigurationList;
			buildConfigurations = (
				CB42A9B6268EE592007FBF1D /* Debug */,
				CB42A9B7268EE592007FBF1D /* Release */,
			);
			defaultConfigurationIsVisible = 0;
			defaultConfigurationName = Release;
		};
/* End XCConfigurationList section */
	};
	rootObject = 607FACC81AFB9204008FA782 /* Project object */;
}
